// !$*UTF8*$!
{
	archiveVersion = 1;
	classes = {
	};
	objectVersion = 56;
	objects = {

/* Begin PBXBuildFile section */
		F9B43BC929B9118A00740FE5 /* perminderApp.swift in Sources */ = {isa = PBXBuildFile; fileRef = F9B43BC829B9118A00740FE5 /* perminderApp.swift */; };
		F9B43BCB29B9118A00740FE5 /* ContentView.swift in Sources */ = {isa = PBXBuildFile; fileRef = F9B43BCA29B9118A00740FE5 /* ContentView.swift */; };
		F9B43BCD29B9118F00740FE5 /* Assets.xcassets in Resources */ = {isa = PBXBuildFile; fileRef = F9B43BCC29B9118F00740FE5 /* Assets.xcassets */; };
		F9B43BD029B9118F00740FE5 /* Preview Assets.xcassets in Resources */ = {isa = PBXBuildFile; fileRef = F9B43BCF29B9118F00740FE5 /* Preview Assets.xcassets */; };
		F9B43BDA29B9119000740FE5 /* perminderTests.swift in Sources */ = {isa = PBXBuildFile; fileRef = F9B43BD929B9119000740FE5 /* perminderTests.swift */; };
		F9B43BE429B9119000740FE5 /* perminderUITests.swift in Sources */ = {isa = PBXBuildFile; fileRef = F9B43BE329B9119000740FE5 /* perminderUITests.swift */; };
		F9B43BE629B9119000740FE5 /* perminderUITestsLaunchTests.swift in Sources */ = {isa = PBXBuildFile; fileRef = F9B43BE529B9119000740FE5 /* perminderUITestsLaunchTests.swift */; };
/* End PBXBuildFile section */

/* Begin PBXContainerItemProxy section */
		F9B43BD629B9119000740FE5 /* PBXContainerItemProxy */ = {
			isa = PBXContainerItemProxy;
			containerPortal = F9B43BBD29B9118A00740FE5 /* Project object */;
			proxyType = 1;
			remoteGlobalIDString = F9B43BC429B9118A00740FE5;
			remoteInfo = perminder;
		};
		F9B43BE029B9119000740FE5 /* PBXContainerItemProxy */ = {
			isa = PBXContainerItemProxy;
			containerPortal = F9B43BBD29B9118A00740FE5 /* Project object */;
			proxyType = 1;
			remoteGlobalIDString = F9B43BC429B9118A00740FE5;
			remoteInfo = perminder;
		};
/* End PBXContainerItemProxy section */

/* Begin PBXFileReference section */
		F9B43BC529B9118A00740FE5 /* perminder.app */ = {isa = PBXFileReference; explicitFileType = wrapper.application; includeInIndex = 0; path = perminder.app; sourceTree = BUILT_PRODUCTS_DIR; };
		F9B43BC829B9118A00740FE5 /* perminderApp.swift */ = {isa = PBXFileReference; lastKnownFileType = sourcecode.swift; path = perminderApp.swift; sourceTree = "<group>"; };
		F9B43BCA29B9118A00740FE5 /* ContentView.swift */ = {isa = PBXFileReference; lastKnownFileType = sourcecode.swift; path = ContentView.swift; sourceTree = "<group>"; };
		F9B43BCC29B9118F00740FE5 /* Assets.xcassets */ = {isa = PBXFileReference; lastKnownFileType = folder.assetcatalog; path = Assets.xcassets; sourceTree = "<group>"; };
		F9B43BCF29B9118F00740FE5 /* Preview Assets.xcassets */ = {isa = PBXFileReference; lastKnownFileType = folder.assetcatalog; path = "Preview Assets.xcassets"; sourceTree = "<group>"; };
		F9B43BD529B9119000740FE5 /* perminderTests.xctest */ = {isa = PBXFileReference; explicitFileType = wrapper.cfbundle; includeInIndex = 0; path = perminderTests.xctest; sourceTree = BUILT_PRODUCTS_DIR; };
		F9B43BD929B9119000740FE5 /* perminderTests.swift */ = {isa = PBXFileReference; lastKnownFileType = sourcecode.swift; path = perminderTests.swift; sourceTree = "<group>"; };
		F9B43BDF29B9119000740FE5 /* perminderUITests.xctest */ = {isa = PBXFileReference; explicitFileType = wrapper.cfbundle; includeInIndex = 0; path = perminderUITests.xctest; sourceTree = BUILT_PRODUCTS_DIR; };
		F9B43BE329B9119000740FE5 /* perminderUITests.swift */ = {isa = PBXFileReference; lastKnownFileType = sourcecode.swift; path = perminderUITests.swift; sourceTree = "<group>"; };
		F9B43BE529B9119000740FE5 /* perminderUITestsLaunchTests.swift */ = {isa = PBXFileReference; lastKnownFileType = sourcecode.swift; path = perminderUITestsLaunchTests.swift; sourceTree = "<group>"; };
/* End PBXFileReference section */

/* Begin PBXFrameworksBuildPhase section */
		F9B43BC229B9118A00740FE5 /* Frameworks */ = {
			isa = PBXFrameworksBuildPhase;
			buildActionMask = 2147483647;
			files = (
			);
			runOnlyForDeploymentPostprocessing = 0;
		};
		F9B43BD229B9119000740FE5 /* Frameworks */ = {
			isa = PBXFrameworksBuildPhase;
			buildActionMask = 2147483647;
			files = (
			);
			runOnlyForDeploymentPostprocessing = 0;
		};
		F9B43BDC29B9119000740FE5 /* Frameworks */ = {
			isa = PBXFrameworksBuildPhase;
			buildActionMask = 2147483647;
			files = (
			);
			runOnlyForDeploymentPostprocessing = 0;
		};
/* End PBXFrameworksBuildPhase section */

/* Begin PBXGroup section */
		F9B43BBC29B9118A00740FE5 = {
			isa = PBXGroup;
			children = (
				F9B43BC729B9118A00740FE5 /* perminder */,
				F9B43BD829B9119000740FE5 /* perminderTests */,
				F9B43BE229B9119000740FE5 /* perminderUITests */,
				F9B43BC629B9118A00740FE5 /* Products */,
			);
			sourceTree = "<group>";
		};
		F9B43BC629B9118A00740FE5 /* Products */ = {
			isa = PBXGroup;
			children = (
				F9B43BC529B9118A00740FE5 /* perminder.app */,
				F9B43BD529B9119000740FE5 /* perminderTests.xctest */,
				F9B43BDF29B9119000740FE5 /* perminderUITests.xctest */,
			);
			name = Products;
			sourceTree = "<group>";
		};
		F9B43BC729B9118A00740FE5 /* perminder */ = {
			isa = PBXGroup;
			children = (
				F9B43BC829B9118A00740FE5 /* perminderApp.swift */,
				F9B43BCA29B9118A00740FE5 /* ContentView.swift */,
				F9B43BCC29B9118F00740FE5 /* Assets.xcassets */,
				F9B43BCE29B9118F00740FE5 /* Preview Content */,
			);
			path = perminder;
			sourceTree = "<group>";
		};
		F9B43BCE29B9118F00740FE5 /* Preview Content */ = {
			isa = PBXGroup;
			children = (
				F9B43BCF29B9118F00740FE5 /* Preview Assets.xcassets */,
			);
			path = "Preview Content";
			sourceTree = "<group>";
		};
		F9B43BD829B9119000740FE5 /* perminderTests */ = {
			isa = PBXGroup;
			children = (
				F9B43BD929B9119000740FE5 /* perminderTests.swift */,
			);
			path = perminderTests;
			sourceTree = "<group>";
		};
		F9B43BE229B9119000740FE5 /* perminderUITests */ = {
			isa = PBXGroup;
			children = (
				F9B43BE329B9119000740FE5 /* perminderUITests.swift */,
				F9B43BE529B9119000740FE5 /* perminderUITestsLaunchTests.swift */,
			);
			path = perminderUITests;
			sourceTree = "<group>";
		};
/* End PBXGroup section */

/* Begin PBXNativeTarget section */
		F9B43BC429B9118A00740FE5 /* perminder */ = {
			isa = PBXNativeTarget;
			buildConfigurationList = F9B43BE929B9119000740FE5 /* Build configuration list for PBXNativeTarget "perminder" */;
			buildPhases = (
				F9B43BC129B9118A00740FE5 /* Sources */,
				F9B43BC229B9118A00740FE5 /* Frameworks */,
				F9B43BC329B9118A00740FE5 /* Resources */,
			);
			buildRules = (
			);
			dependencies = (
			);
			name = perminder;
			productName = perminder;
			productReference = F9B43BC529B9118A00740FE5 /* perminder.app */;
			productType = "com.apple.product-type.application";
		};
		F9B43BD429B9119000740FE5 /* perminderTests */ = {
			isa = PBXNativeTarget;
			buildConfigurationList = F9B43BEC29B9119000740FE5 /* Build configuration list for PBXNativeTarget "perminderTests" */;
			buildPhases = (
				F9B43BD129B9119000740FE5 /* Sources */,
				F9B43BD229B9119000740FE5 /* Frameworks */,
				F9B43BD329B9119000740FE5 /* Resources */,
			);
			buildRules = (
			);
			dependencies = (
				F9B43BD729B9119000740FE5 /* PBXTargetDependency */,
			);
			name = perminderTests;
			productName = perminderTests;
			productReference = F9B43BD529B9119000740FE5 /* perminderTests.xctest */;
			productType = "com.apple.product-type.bundle.unit-test";
		};
		F9B43BDE29B9119000740FE5 /* perminderUITests */ = {
			isa = PBXNativeTarget;
			buildConfigurationList = F9B43BEF29B9119000740FE5 /* Build configuration list for PBXNativeTarget "perminderUITests" */;
			buildPhases = (
				F9B43BDB29B9119000740FE5 /* Sources */,
				F9B43BDC29B9119000740FE5 /* Frameworks */,
				F9B43BDD29B9119000740FE5 /* Resources */,
			);
			buildRules = (
			);
			dependencies = (
				F9B43BE129B9119000740FE5 /* PBXTargetDependency */,
			);
			name = perminderUITests;
			productName = perminderUITests;
			productReference = F9B43BDF29B9119000740FE5 /* perminderUITests.xctest */;
			productType = "com.apple.product-type.bundle.ui-testing";
		};
/* End PBXNativeTarget section */

/* Begin PBXProject section */
		F9B43BBD29B9118A00740FE5 /* Project object */ = {
			isa = PBXProject;
			attributes = {
				BuildIndependentTargetsInParallel = 1;
				LastSwiftUpdateCheck = 1420;
				LastUpgradeCheck = 1420;
				TargetAttributes = {
					F9B43BC429B9118A00740FE5 = {
						CreatedOnToolsVersion = 14.2;
					};
					F9B43BD429B9119000740FE5 = {
						CreatedOnToolsVersion = 14.2;
						TestTargetID = F9B43BC429B9118A00740FE5;
					};
					F9B43BDE29B9119000740FE5 = {
						CreatedOnToolsVersion = 14.2;
						TestTargetID = F9B43BC429B9118A00740FE5;
					};
				};
			};
			buildConfigurationList = F9B43BC029B9118A00740FE5 /* Build configuration list for PBXProject "perminder" */;
			compatibilityVersion = "Xcode 14.0";
			developmentRegion = en;
			hasScannedForEncodings = 0;
			knownRegions = (
				en,
				Base,
			);
			mainGroup = F9B43BBC29B9118A00740FE5;
			productRefGroup = F9B43BC629B9118A00740FE5 /* Products */;
			projectDirPath = "";
			projectRoot = "";
			targets = (
				F9B43BC429B9118A00740FE5 /* perminder */,
				F9B43BD429B9119000740FE5 /* perminderTests */,
				F9B43BDE29B9119000740FE5 /* perminderUITests */,
			);
		};
/* End PBXProject section */

/* Begin PBXResourcesBuildPhase section */
		F9B43BC329B9118A00740FE5 /* Resources */ = {
			isa = PBXResourcesBuildPhase;
			buildActionMask = 2147483647;
			files = (
				F9B43BD029B9118F00740FE5 /* Preview Assets.xcassets in Resources */,
				F9B43BCD29B9118F00740FE5 /* Assets.xcassets in Resources */,
			);
			runOnlyForDeploymentPostprocessing = 0;
		};
		F9B43BD329B9119000740FE5 /* Resources */ = {
			isa = PBXResourcesBuildPhase;
			buildActionMask = 2147483647;
			files = (
			);
			runOnlyForDeploymentPostprocessing = 0;
		};
		F9B43BDD29B9119000740FE5 /* Resources */ = {
			isa = PBXResourcesBuildPhase;
			buildActionMask = 2147483647;
			files = (
			);
			runOnlyForDeploymentPostprocessing = 0;
		};
/* End PBXResourcesBuildPhase section */

/* Begin PBXSourcesBuildPhase section */
		F9B43BC129B9118A00740FE5 /* Sources */ = {
			isa = PBXSourcesBuildPhase;
			buildActionMask = 2147483647;
			files = (
				F9B43BCB29B9118A00740FE5 /* ContentView.swift in Sources */,
				F9B43BC929B9118A00740FE5 /* perminderApp.swift in Sources */,
			);
			runOnlyForDeploymentPostprocessing = 0;
		};
		F9B43BD129B9119000740FE5 /* Sources */ = {
			isa = PBXSourcesBuildPhase;
			buildActionMask = 2147483647;
			files = (
				F9B43BDA29B9119000740FE5 /* perminderTests.swift in Sources */,
			);
			runOnlyForDeploymentPostprocessing = 0;
		};
		F9B43BDB29B9119000740FE5 /* Sources */ = {
			isa = PBXSourcesBuildPhase;
			buildActionMask = 2147483647;
			files = (
				F9B43BE429B9119000740FE5 /* perminderUITests.swift in Sources */,
				F9B43BE629B9119000740FE5 /* perminderUITestsLaunchTests.swift in Sources */,
			);
			runOnlyForDeploymentPostprocessing = 0;
		};
/* End PBXSourcesBuildPhase section */

/* Begin PBXTargetDependency section */
		F9B43BD729B9119000740FE5 /* PBXTargetDependency */ = {
			isa = PBXTargetDependency;
			target = F9B43BC429B9118A00740FE5 /* perminder */;
			targetProxy = F9B43BD629B9119000740FE5 /* PBXContainerItemProxy */;
		};
		F9B43BE129B9119000740FE5 /* PBXTargetDependency */ = {
			isa = PBXTargetDependency;
			target = F9B43BC429B9118A00740FE5 /* perminder */;
			targetProxy = F9B43BE029B9119000740FE5 /* PBXContainerItemProxy */;
		};
/* End PBXTargetDependency section */

/* Begin XCBuildConfiguration section */
		F9B43BE729B9119000740FE5 /* Debug */ = {
			isa = XCBuildConfiguration;
			buildSettings = {
				ALWAYS_SEARCH_USER_PATHS = NO;
				CLANG_ANALYZER_NONNULL = YES;
				CLANG_ANALYZER_NUMBER_OBJECT_CONVERSION = YES_AGGRESSIVE;
				CLANG_CXX_LANGUAGE_STANDARD = "gnu++20";
				CLANG_ENABLE_MODULES = YES;
				CLANG_ENABLE_OBJC_ARC = YES;
				CLANG_ENABLE_OBJC_WEAK = YES;
				CLANG_WARN_BLOCK_CAPTURE_AUTORELEASING = YES;
				CLANG_WARN_BOOL_CONVERSION = YES;
				CLANG_WARN_COMMA = YES;
				CLANG_WARN_CONSTANT_CONVERSION = YES;
				CLANG_WARN_DEPRECATED_OBJC_IMPLEMENTATIONS = YES;
				CLANG_WARN_DIRECT_OBJC_ISA_USAGE = YES_ERROR;
				CLANG_WARN_DOCUMENTATION_COMMENTS = YES;
				CLANG_WARN_EMPTY_BODY = YES;
				CLANG_WARN_ENUM_CONVERSION = YES;
				CLANG_WARN_INFINITE_RECURSION = YES;
				CLANG_WARN_INT_CONVERSION = YES;
				CLANG_WARN_NON_LITERAL_NULL_CONVERSION = YES;
				CLANG_WARN_OBJC_IMPLICIT_RETAIN_SELF = YES;
				CLANG_WARN_OBJC_LITERAL_CONVERSION = YES;
				CLANG_WARN_OBJC_ROOT_CLASS = YES_ERROR;
				CLANG_WARN_QUOTED_INCLUDE_IN_FRAMEWORK_HEADER = YES;
				CLANG_WARN_RANGE_LOOP_ANALYSIS = YES;
				CLANG_WARN_STRICT_PROTOTYPES = YES;
				CLANG_WARN_SUSPICIOUS_MOVE = YES;
				CLANG_WARN_UNGUARDED_AVAILABILITY = YES_AGGRESSIVE;
				CLANG_WARN_UNREACHABLE_CODE = YES;
				CLANG_WARN__DUPLICATE_METHOD_MATCH = YES;
				COPY_PHASE_STRIP = NO;
				DEBUG_INFORMATION_FORMAT = dwarf;
				ENABLE_STRICT_OBJC_MSGSEND = YES;
				ENABLE_TESTABILITY = YES;
				GCC_C_LANGUAGE_STANDARD = gnu11;
				GCC_DYNAMIC_NO_PIC = NO;
				GCC_NO_COMMON_BLOCKS = YES;
				GCC_OPTIMIZATION_LEVEL = 0;
				GCC_PREPROCESSOR_DEFINITIONS = (
					"DEBUG=1",
					"$(inherited)",
				);
				GCC_WARN_64_TO_32_BIT_CONVERSION = YES;
				GCC_WARN_ABOUT_RETURN_TYPE = YES_ERROR;
				GCC_WARN_UNDECLARED_SELECTOR = YES;
				GCC_WARN_UNINITIALIZED_AUTOS = YES_AGGRESSIVE;
				GCC_WARN_UNUSED_FUNCTION = YES;
				GCC_WARN_UNUSED_VARIABLE = YES;
				IPHONEOS_DEPLOYMENT_TARGET = 16.2;
				MTL_ENABLE_DEBUG_INFO = INCLUDE_SOURCE;
				MTL_FAST_MATH = YES;
				ONLY_ACTIVE_ARCH = YES;
				SDKROOT = iphoneos;
				SWIFT_ACTIVE_COMPILATION_CONDITIONS = DEBUG;
				SWIFT_OPTIMIZATION_LEVEL = "-Onone";
			};
			name = Debug;
		};
		F9B43BE829B9119000740FE5 /* Release */ = {
			isa = XCBuildConfiguration;
			buildSettings = {
				ALWAYS_SEARCH_USER_PATHS = NO;
				CLANG_ANALYZER_NONNULL = YES;
				CLANG_ANALYZER_NUMBER_OBJECT_CONVERSION = YES_AGGRESSIVE;
				CLANG_CXX_LANGUAGE_STANDARD = "gnu++20";
				CLANG_ENABLE_MODULES = YES;
				CLANG_ENABLE_OBJC_ARC = YES;
				CLANG_ENABLE_OBJC_WEAK = YES;
				CLANG_WARN_BLOCK_CAPTURE_AUTORELEASING = YES;
				CLANG_WARN_BOOL_CONVERSION = YES;
				CLANG_WARN_COMMA = YES;
				CLANG_WARN_CONSTANT_CONVERSION = YES;
				CLANG_WARN_DEPRECATED_OBJC_IMPLEMENTATIONS = YES;
				CLANG_WARN_DIRECT_OBJC_ISA_USAGE = YES_ERROR;
				CLANG_WARN_DOCUMENTATION_COMMENTS = YES;
				CLANG_WARN_EMPTY_BODY = YES;
				CLANG_WARN_ENUM_CONVERSION = YES;
				CLANG_WARN_INFINITE_RECURSION = YES;
				CLANG_WARN_INT_CONVERSION = YES;
				CLANG_WARN_NON_LITERAL_NULL_CONVERSION = YES;
				CLANG_WARN_OBJC_IMPLICIT_RETAIN_SELF = YES;
				CLANG_WARN_OBJC_LITERAL_CONVERSION = YES;
				CLANG_WARN_OBJC_ROOT_CLASS = YES_ERROR;
				CLANG_WARN_QUOTED_INCLUDE_IN_FRAMEWORK_HEADER = YES;
				CLANG_WARN_RANGE_LOOP_ANALYSIS = YES;
				CLANG_WARN_STRICT_PROTOTYPES = YES;
				CLANG_WARN_SUSPICIOUS_MOVE = YES;
				CLANG_WARN_UNGUARDED_AVAILABILITY = YES_AGGRESSIVE;
				CLANG_WARN_UNREACHABLE_CODE = YES;
				CLANG_WARN__DUPLICATE_METHOD_MATCH = YES;
				COPY_PHASE_STRIP = NO;
				DEBUG_INFORMATION_FORMAT = "dwarf-with-dsym";
				ENABLE_NS_ASSERTIONS = NO;
				ENABLE_STRICT_OBJC_MSGSEND = YES;
				GCC_C_LANGUAGE_STANDARD = gnu11;
				GCC_NO_COMMON_BLOCKS = YES;
				GCC_WARN_64_TO_32_BIT_CONVERSION = YES;
				GCC_WARN_ABOUT_RETURN_TYPE = YES_ERROR;
				GCC_WARN_UNDECLARED_SELECTOR = YES;
				GCC_WARN_UNINITIALIZED_AUTOS = YES_AGGRESSIVE;
				GCC_WARN_UNUSED_FUNCTION = YES;
				GCC_WARN_UNUSED_VARIABLE = YES;
				IPHONEOS_DEPLOYMENT_TARGET = 16.2;
				MTL_ENABLE_DEBUG_INFO = NO;
				MTL_FAST_MATH = YES;
				SDKROOT = iphoneos;
				SWIFT_COMPILATION_MODE = wholemodule;
				SWIFT_OPTIMIZATION_LEVEL = "-O";
				VALIDATE_PRODUCT = YES;
			};
			name = Release;
		};
		F9B43BEA29B9119000740FE5 /* Debug */ = {
			isa = XCBuildConfiguration;
			buildSettings = {
				ASSETCATALOG_COMPILER_APPICON_NAME = AppIcon;
				ASSETCATALOG_COMPILER_GLOBAL_ACCENT_COLOR_NAME = AccentColor;
				CODE_SIGN_STYLE = Automatic;
				CURRENT_PROJECT_VERSION = 1;
				DEVELOPMENT_ASSET_PATHS = "\"perminder/Preview Content\"";
				ENABLE_PREVIEWS = YES;
				GENERATE_INFOPLIST_FILE = YES;
				INFOPLIST_KEY_UIApplicationSceneManifest_Generation = YES;
				INFOPLIST_KEY_UIApplicationSupportsIndirectInputEvents = YES;
				INFOPLIST_KEY_UILaunchScreen_Generation = YES;
				INFOPLIST_KEY_UISupportedInterfaceOrientations_iPad = "UIInterfaceOrientationPortrait UIInterfaceOrientationPortraitUpsideDown UIInterfaceOrientationLandscapeLeft UIInterfaceOrientationLandscapeRight";
				INFOPLIST_KEY_UISupportedInterfaceOrientations_iPhone = "UIInterfaceOrientationPortrait UIInterfaceOrientationLandscapeLeft UIInterfaceOrientationLandscapeRight";
				LD_RUNPATH_SEARCH_PATHS = (
					"$(inherited)",
					"@executable_path/Frameworks",
				);
				MARKETING_VERSION = 1.0;
				PRODUCT_BUNDLE_IDENTIFIER = TRLQ.perminder;
				PRODUCT_NAME = "$(TARGET_NAME)";
				SWIFT_EMIT_LOC_STRINGS = YES;
				SWIFT_VERSION = 5.0;
				TARGETED_DEVICE_FAMILY = "1,2";
			};
			name = Debug;
		};
		F9B43BEB29B9119000740FE5 /* Release */ = {
			isa = XCBuildConfiguration;
			buildSettings = {
				ASSETCATALOG_COMPILER_APPICON_NAME = AppIcon;
				ASSETCATALOG_COMPILER_GLOBAL_ACCENT_COLOR_NAME = AccentColor;
				CODE_SIGN_STYLE = Automatic;
				CURRENT_PROJECT_VERSION = 1;
				DEVELOPMENT_ASSET_PATHS = "\"perminder/Preview Content\"";
				ENABLE_PREVIEWS = YES;
				GENERATE_INFOPLIST_FILE = YES;
				INFOPLIST_KEY_UIApplicationSceneManifest_Generation = YES;
				INFOPLIST_KEY_UIApplicationSupportsIndirectInputEvents = YES;
				INFOPLIST_KEY_UILaunchScreen_Generation = YES;
				INFOPLIST_KEY_UISupportedInterfaceOrientations_iPad = "UIInterfaceOrientationPortrait UIInterfaceOrientationPortraitUpsideDown UIInterfaceOrientationLandscapeLeft UIInterfaceOrientationLandscapeRight";
				INFOPLIST_KEY_UISupportedInterfaceOrientations_iPhone = "UIInterfaceOrientationPortrait UIInterfaceOrientationLandscapeLeft UIInterfaceOrientationLandscapeRight";
				LD_RUNPATH_SEARCH_PATHS = (
					"$(inherited)",
					"@executable_path/Frameworks",
				);
				MARKETING_VERSION = 1.0;
				PRODUCT_BUNDLE_IDENTIFIER = TRLQ.perminder;
				PRODUCT_NAME = "$(TARGET_NAME)";
				SWIFT_EMIT_LOC_STRINGS = YES;
				SWIFT_VERSION = 5.0;
				TARGETED_DEVICE_FAMILY = "1,2";
			};
			name = Release;
		};
		F9B43BED29B9119000740FE5 /* Debug */ = {
			isa = XCBuildConfiguration;
			buildSettings = {
				ALWAYS_EMBED_SWIFT_STANDARD_LIBRARIES = YES;
				BUNDLE_LOADER = "$(TEST_HOST)";
				CODE_SIGN_STYLE = Automatic;
				CURRENT_PROJECT_VERSION = 1;
				GENERATE_INFOPLIST_FILE = YES;
				IPHONEOS_DEPLOYMENT_TARGET = 16.2;
				MARKETING_VERSION = 1.0;
				PRODUCT_BUNDLE_IDENTIFIER = TRLQ.perminderTests;
				PRODUCT_NAME = "$(TARGET_NAME)";
				SWIFT_EMIT_LOC_STRINGS = NO;
				SWIFT_VERSION = 5.0;
				TARGETED_DEVICE_FAMILY = "1,2";
				TEST_HOST = "$(BUILT_PRODUCTS_DIR)/perminder.app/$(BUNDLE_EXECUTABLE_FOLDER_PATH)/perminder";
			};
			name = Debug;
		};
		F9B43BEE29B9119000740FE5 /* Release */ = {
			isa = XCBuildConfiguration;
			buildSettings = {
				ALWAYS_EMBED_SWIFT_STANDARD_LIBRARIES = YES;
				BUNDLE_LOADER = "$(TEST_HOST)";
				CODE_SIGN_STYLE = Automatic;
				CURRENT_PROJECT_VERSION = 1;
				GENERATE_INFOPLIST_FILE = YES;
				IPHONEOS_DEPLOYMENT_TARGET = 16.2;
				MARKETING_VERSION = 1.0;
				PRODUCT_BUNDLE_IDENTIFIER = TRLQ.perminderTests;
				PRODUCT_NAME = "$(TARGET_NAME)";
				SWIFT_EMIT_LOC_STRINGS = NO;
				SWIFT_VERSION = 5.0;
				TARGETED_DEVICE_FAMILY = "1,2";
				TEST_HOST = "$(BUILT_PRODUCTS_DIR)/perminder.app/$(BUNDLE_EXECUTABLE_FOLDER_PATH)/perminder";
			};
			name = Release;
		};
		F9B43BF029B9119000740FE5 /* Debug */ = {
			isa = XCBuildConfiguration;
			buildSettings = {
				ALWAYS_EMBED_SWIFT_STANDARD_LIBRARIES = YES;
				CODE_SIGN_STYLE = Automatic;
				CURRENT_PROJECT_VERSION = 1;
				GENERATE_INFOPLIST_FILE = YES;
				MARKETING_VERSION = 1.0;
				PRODUCT_BUNDLE_IDENTIFIER = TRLQ.perminderUITests;
				PRODUCT_NAME = "$(TARGET_NAME)";
				SWIFT_EMIT_LOC_STRINGS = NO;
				SWIFT_VERSION = 5.0;
				TARGETED_DEVICE_FAMILY = "1,2";
				TEST_TARGET_NAME = perminder;
			};
			name = Debug;
		};
		F9B43BF129B9119000740FE5 /* Release */ = {
			isa = XCBuildConfiguration;
			buildSettings = {
				ALWAYS_EMBED_SWIFT_STANDARD_LIBRARIES = YES;
				CODE_SIGN_STYLE = Automatic;
				CURRENT_PROJECT_VERSION = 1;
				GENERATE_INFOPLIST_FILE = YES;
				MARKETING_VERSION = 1.0;
				PRODUCT_BUNDLE_IDENTIFIER = TRLQ.perminderUITests;
				PRODUCT_NAME = "$(TARGET_NAME)";
				SWIFT_EMIT_LOC_STRINGS = NO;
				SWIFT_VERSION = 5.0;
				TARGETED_DEVICE_FAMILY = "1,2";
				TEST_TARGET_NAME = perminder;
			};
			name = Release;
		};
/* End XCBuildConfiguration section */

/* Begin XCConfigurationList section */
		F9B43BC029B9118A00740FE5 /* Build configuration list for PBXProject "perminder" */ = {
			isa = XCConfigurationList;
			buildConfigurations = (
				F9B43BE729B9119000740FE5 /* Debug */,
				F9B43BE829B9119000740FE5 /* Release */,
			);
			defaultConfigurationIsVisible = 0;
			defaultConfigurationName = Release;
		};
		F9B43BE929B9119000740FE5 /* Build configuration list for PBXNativeTarget "perminder" */ = {
			isa = XCConfigurationList;
			buildConfigurations = (
				F9B43BEA29B9119000740FE5 /* Debug */,
				F9B43BEB29B9119000740FE5 /* Release */,
			);
			defaultConfigurationIsVisible = 0;
			defaultConfigurationName = Release;
		};
		F9B43BEC29B9119000740FE5 /* Build configuration list for PBXNativeTarget "perminderTests" */ = {
			isa = XCConfigurationList;
			buildConfigurations = (
				F9B43BED29B9119000740FE5 /* Debug */,
				F9B43BEE29B9119000740FE5 /* Release */,
			);
			defaultConfigurationIsVisible = 0;
			defaultConfigurationName = Release;
		};
		F9B43BEF29B9119000740FE5 /* Build configuration list for PBXNativeTarget "perminderUITests" */ = {
			isa = XCConfigurationList;
			buildConfigurations = (
				F9B43BF029B9119000740FE5 /* Debug */,
				F9B43BF129B9119000740FE5 /* Release */,
			);
			defaultConfigurationIsVisible = 0;
			defaultConfigurationName = Release;
		};
/* End XCConfigurationList section */
	};
	rootObject = F9B43BBD29B9118A00740FE5 /* Project object */;
}
